// !$*UTF8*$!
{
	archiveVersion = 1;
	classes = {
	};
	objectVersion = 46;
	objects = {

/* Begin PBXBuildFile section */
		1785708F1BA0DFAB00467C4E /* AppDelegate.swift in Sources */ = {isa = PBXBuildFile; fileRef = 1785708E1BA0DFAB00467C4E /* AppDelegate.swift */; };
		178570951BA0DFAC00467C4E /* TVGameViewController.swift in Sources */ = {isa = PBXBuildFile; fileRef = 178570941BA0DFAC00467C4E /* TVGameViewController.swift */; };
		1785709A1BA0DFAC00467C4E /* Main.storyboard in Resources */ = {isa = PBXBuildFile; fileRef = 178570981BA0DFAC00467C4E /* Main.storyboard */; };
		1785709C1BA0DFAC00467C4E /* Assets.xcassets in Resources */ = {isa = PBXBuildFile; fileRef = 1785709B1BA0DFAC00467C4E /* Assets.xcassets */; };
		178570A71BA0DFAC00467C4E /* TVBreakoutTests.swift in Sources */ = {isa = PBXBuildFile; fileRef = 178570A61BA0DFAC00467C4E /* TVBreakoutTests.swift */; };
		178570BC1BA0EA1C00467C4E /* Ball.swift in Sources */ = {isa = PBXBuildFile; fileRef = 178570B61BA0EA1C00467C4E /* Ball.swift */; };
		178570BD1BA0EA1C00467C4E /* BlockGrid.swift in Sources */ = {isa = PBXBuildFile; fileRef = 178570B71BA0EA1C00467C4E /* BlockGrid.swift */; };
		178570BE1BA0EA1C00467C4E /* GameScene.swift in Sources */ = {isa = PBXBuildFile; fileRef = 178570B81BA0EA1C00467C4E /* GameScene.swift */; };
		178570BF1BA0EA1C00467C4E /* GameViewController.swift in Sources */ = {isa = PBXBuildFile; fileRef = 178570B91BA0EA1C00467C4E /* GameViewController.swift */; };
		178570C01BA0EA1C00467C4E /* Images.xcassets in Resources */ = {isa = PBXBuildFile; fileRef = 178570BA1BA0EA1C00467C4E /* Images.xcassets */; };
		178570C11BA0EA1C00467C4E /* Paddle.swift in Sources */ = {isa = PBXBuildFile; fileRef = 178570BB1BA0EA1C00467C4E /* Paddle.swift */; };
		178570C21BA0EA2000467C4E /* Ball.swift in Sources */ = {isa = PBXBuildFile; fileRef = 178570B61BA0EA1C00467C4E /* Ball.swift */; };
		178570C31BA0EA2300467C4E /* BlockGrid.swift in Sources */ = {isa = PBXBuildFile; fileRef = 178570B71BA0EA1C00467C4E /* BlockGrid.swift */; };
		178570C41BA0EA2600467C4E /* GameScene.swift in Sources */ = {isa = PBXBuildFile; fileRef = 178570B81BA0EA1C00467C4E /* GameScene.swift */; };
		178570C51BA0EA2800467C4E /* GameViewController.swift in Sources */ = {isa = PBXBuildFile; fileRef = 178570B91BA0EA1C00467C4E /* GameViewController.swift */; };
		178570C61BA0EA2B00467C4E /* Paddle.swift in Sources */ = {isa = PBXBuildFile; fileRef = 178570BB1BA0EA1C00467C4E /* Paddle.swift */; };
		17956E3D196E3EE0009A31EF /* AppDelegate.swift in Sources */ = {isa = PBXBuildFile; fileRef = 17956E35196E3EE0009A31EF /* AppDelegate.swift */; };
		17956E47196E3EFF009A31EF /* Main.storyboard in Resources */ = {isa = PBXBuildFile; fileRef = 17956E45196E3EFF009A31EF /* Main.storyboard */; };
/* End PBXBuildFile section */

/* Begin PBXContainerItemProxy section */
		178570A31BA0DFAC00467C4E /* PBXContainerItemProxy */ = {
			isa = PBXContainerItemProxy;
			containerPortal = 1773497E194433FA00368B63 /* Project object */;
			proxyType = 1;
			remoteGlobalIDString = 1785708B1BA0DFAB00467C4E;
			remoteInfo = TVBreakout;
		};
/* End PBXContainerItemProxy section */

/* Begin PBXFileReference section */
		17734986194433FB00368B63 /* Swift-Breakout.app */ = {isa = PBXFileReference; explicitFileType = wrapper.application; includeInIndex = 0; path = "Swift-Breakout.app"; sourceTree = BUILT_PRODUCTS_DIR; };
		1785708C1BA0DFAB00467C4E /* TVBreakout.app */ = {isa = PBXFileReference; explicitFileType = wrapper.application; includeInIndex = 0; path = TVBreakout.app; sourceTree = BUILT_PRODUCTS_DIR; };
		1785708E1BA0DFAB00467C4E /* AppDelegate.swift */ = {isa = PBXFileReference; lastKnownFileType = sourcecode.swift; path = AppDelegate.swift; sourceTree = "<group>"; };
		178570941BA0DFAC00467C4E /* TVGameViewController.swift */ = {isa = PBXFileReference; lastKnownFileType = sourcecode.swift; path = TVGameViewController.swift; sourceTree = "<group>"; };
		178570991BA0DFAC00467C4E /* Base */ = {isa = PBXFileReference; lastKnownFileType = file.storyboard; name = Base; path = Base.lproj/Main.storyboard; sourceTree = "<group>"; };
		1785709B1BA0DFAC00467C4E /* Assets.xcassets */ = {isa = PBXFileReference; lastKnownFileType = folder.assetcatalog; path = Assets.xcassets; sourceTree = "<group>"; };
		1785709D1BA0DFAC00467C4E /* Info.plist */ = {isa = PBXFileReference; lastKnownFileType = text.plist.xml; path = Info.plist; sourceTree = "<group>"; };
		178570A21BA0DFAC00467C4E /* TVBreakoutTests.xctest */ = {isa = PBXFileReference; explicitFileType = wrapper.cfbundle; includeInIndex = 0; path = TVBreakoutTests.xctest; sourceTree = BUILT_PRODUCTS_DIR; };
		178570A61BA0DFAC00467C4E /* TVBreakoutTests.swift */ = {isa = PBXFileReference; lastKnownFileType = sourcecode.swift; path = TVBreakoutTests.swift; sourceTree = "<group>"; };
		178570A81BA0DFAC00467C4E /* Info.plist */ = {isa = PBXFileReference; lastKnownFileType = text.plist.xml; path = Info.plist; sourceTree = "<group>"; };
		178570B61BA0EA1C00467C4E /* Ball.swift */ = {isa = PBXFileReference; fileEncoding = 4; lastKnownFileType = sourcecode.swift; path = Ball.swift; sourceTree = "<group>"; };
		178570B71BA0EA1C00467C4E /* BlockGrid.swift */ = {isa = PBXFileReference; fileEncoding = 4; lastKnownFileType = sourcecode.swift; path = BlockGrid.swift; sourceTree = "<group>"; };
		178570B81BA0EA1C00467C4E /* GameScene.swift */ = {isa = PBXFileReference; fileEncoding = 4; lastKnownFileType = sourcecode.swift; path = GameScene.swift; sourceTree = "<group>"; };
		178570B91BA0EA1C00467C4E /* GameViewController.swift */ = {isa = PBXFileReference; fileEncoding = 4; lastKnownFileType = sourcecode.swift; path = GameViewController.swift; sourceTree = "<group>"; };
		178570BA1BA0EA1C00467C4E /* Images.xcassets */ = {isa = PBXFileReference; lastKnownFileType = folder.assetcatalog; path = Images.xcassets; sourceTree = "<group>"; };
		178570BB1BA0EA1C00467C4E /* Paddle.swift */ = {isa = PBXFileReference; fileEncoding = 4; lastKnownFileType = sourcecode.swift; path = Paddle.swift; sourceTree = "<group>"; };
		17956E35196E3EE0009A31EF /* AppDelegate.swift */ = {isa = PBXFileReference; fileEncoding = 4; lastKnownFileType = sourcecode.swift; name = AppDelegate.swift; path = "Swift-Breakout/AppDelegate.swift"; sourceTree = SOURCE_ROOT; };
		17956E46196E3EFF009A31EF /* Base */ = {isa = PBXFileReference; lastKnownFileType = file.storyboard; name = Base; path = "Swift-Breakout/Base.lproj/Main.storyboard"; sourceTree = SOURCE_ROOT; };
		17956E48196E3F08009A31EF /* Info.plist */ = {isa = PBXFileReference; fileEncoding = 4; lastKnownFileType = text.plist.xml; name = Info.plist; path = "Swift-Breakout/Info.plist"; sourceTree = SOURCE_ROOT; };
/* End PBXFileReference section */

/* Begin PBXFrameworksBuildPhase section */
		17734983194433FB00368B63 /* Frameworks */ = {
			isa = PBXFrameworksBuildPhase;
			buildActionMask = 2147483647;
			files = (
			);
			runOnlyForDeploymentPostprocessing = 0;
		};
		178570891BA0DFAB00467C4E /* Frameworks */ = {
			isa = PBXFrameworksBuildPhase;
			buildActionMask = 2147483647;
			files = (
			);
			runOnlyForDeploymentPostprocessing = 0;
		};
		1785709F1BA0DFAC00467C4E /* Frameworks */ = {
			isa = PBXFrameworksBuildPhase;
			buildActionMask = 2147483647;
			files = (
			);
			runOnlyForDeploymentPostprocessing = 0;
		};
/* End PBXFrameworksBuildPhase section */

/* Begin PBXGroup section */
		1773497D194433FA00368B63 = {
			isa = PBXGroup;
			children = (
				178570B51BA0EA1C00467C4E /* Shared */,
				17734988194433FB00368B63 /* Breakout-Swift */,
				1785708D1BA0DFAB00467C4E /* TVBreakout */,
				178570A51BA0DFAC00467C4E /* TVBreakoutTests */,
				17734987194433FB00368B63 /* Products */,
			);
			sourceTree = "<group>";
		};
		17734987194433FB00368B63 /* Products */ = {
			isa = PBXGroup;
			children = (
				17734986194433FB00368B63 /* Swift-Breakout.app */,
				1785708C1BA0DFAB00467C4E /* TVBreakout.app */,
				178570A21BA0DFAC00467C4E /* TVBreakoutTests.xctest */,
			);
			name = Products;
			sourceTree = "<group>";
		};
		17734988194433FB00368B63 /* Breakout-Swift */ = {
			isa = PBXGroup;
			children = (
				17956E35196E3EE0009A31EF /* AppDelegate.swift */,
				17956E45196E3EFF009A31EF /* Main.storyboard */,
				17734989194433FB00368B63 /* Supporting Files */,
			);
			path = "Breakout-Swift";
			sourceTree = "<group>";
		};
		17734989194433FB00368B63 /* Supporting Files */ = {
			isa = PBXGroup;
			children = (
				17956E48196E3F08009A31EF /* Info.plist */,
			);
			name = "Supporting Files";
			sourceTree = "<group>";
		};
		1785708D1BA0DFAB00467C4E /* TVBreakout */ = {
			isa = PBXGroup;
			children = (
				1785708E1BA0DFAB00467C4E /* AppDelegate.swift */,
				178570941BA0DFAC00467C4E /* TVGameViewController.swift */,
				178570981BA0DFAC00467C4E /* Main.storyboard */,
				1785709B1BA0DFAC00467C4E /* Assets.xcassets */,
				1785709D1BA0DFAC00467C4E /* Info.plist */,
			);
			path = TVBreakout;
			sourceTree = "<group>";
		};
		178570A51BA0DFAC00467C4E /* TVBreakoutTests */ = {
			isa = PBXGroup;
			children = (
				178570A61BA0DFAC00467C4E /* TVBreakoutTests.swift */,
				178570A81BA0DFAC00467C4E /* Info.plist */,
			);
			path = TVBreakoutTests;
			sourceTree = "<group>";
		};
		178570B51BA0EA1C00467C4E /* Shared */ = {
			isa = PBXGroup;
			children = (
				178570B61BA0EA1C00467C4E /* Ball.swift */,
				178570B71BA0EA1C00467C4E /* BlockGrid.swift */,
				178570B81BA0EA1C00467C4E /* GameScene.swift */,
				178570B91BA0EA1C00467C4E /* GameViewController.swift */,
				178570BB1BA0EA1C00467C4E /* Paddle.swift */,
				178570BA1BA0EA1C00467C4E /* Images.xcassets */,
			);
			path = Shared;
			sourceTree = "<group>";
		};
/* End PBXGroup section */

/* Begin PBXNativeTarget section */
		17734985194433FB00368B63 /* Swift-Breakout */ = {
			isa = PBXNativeTarget;
			buildConfigurationList = 177349A6194433FB00368B63 /* Build configuration list for PBXNativeTarget "Swift-Breakout" */;
			buildPhases = (
				17734982194433FB00368B63 /* Sources */,
				17734983194433FB00368B63 /* Frameworks */,
				17734984194433FB00368B63 /* Resources */,
			);
			buildRules = (
			);
			dependencies = (
			);
			name = "Swift-Breakout";
			productName = "Breakout-Swift";
			productReference = 17734986194433FB00368B63 /* Swift-Breakout.app */;
			productType = "com.apple.product-type.application";
		};
		1785708B1BA0DFAB00467C4E /* TVBreakout */ = {
			isa = PBXNativeTarget;
			buildConfigurationList = 178570AD1BA0DFAC00467C4E /* Build configuration list for PBXNativeTarget "TVBreakout" */;
			buildPhases = (
				178570881BA0DFAB00467C4E /* Sources */,
				178570891BA0DFAB00467C4E /* Frameworks */,
				1785708A1BA0DFAB00467C4E /* Resources */,
			);
			buildRules = (
			);
			dependencies = (
			);
			name = TVBreakout;
			productName = TVBreakout;
			productReference = 1785708C1BA0DFAB00467C4E /* TVBreakout.app */;
			productType = "com.apple.product-type.application";
		};
		178570A11BA0DFAC00467C4E /* TVBreakoutTests */ = {
			isa = PBXNativeTarget;
			buildConfigurationList = 178570AE1BA0DFAC00467C4E /* Build configuration list for PBXNativeTarget "TVBreakoutTests" */;
			buildPhases = (
				1785709E1BA0DFAC00467C4E /* Sources */,
				1785709F1BA0DFAC00467C4E /* Frameworks */,
				178570A01BA0DFAC00467C4E /* Resources */,
			);
			buildRules = (
			);
			dependencies = (
				178570A41BA0DFAC00467C4E /* PBXTargetDependency */,
			);
			name = TVBreakoutTests;
			productName = TVBreakoutTests;
			productReference = 178570A21BA0DFAC00467C4E /* TVBreakoutTests.xctest */;
			productType = "com.apple.product-type.bundle.unit-test";
		};
/* End PBXNativeTarget section */

/* Begin PBXProject section */
		1773497E194433FA00368B63 /* Project object */ = {
			isa = PBXProject;
			attributes = {
				LastSwiftUpdateCheck = 0700;
				LastUpgradeCheck = 0700;
				ORGANIZATIONNAME = Yayuhh;
				TargetAttributes = {
					17734985194433FB00368B63 = {
						CreatedOnToolsVersion = 6.0;
					};
					1785708B1BA0DFAB00467C4E = {
						CreatedOnToolsVersion = 7.1;
					};
					178570A11BA0DFAC00467C4E = {
						CreatedOnToolsVersion = 7.1;
						TestTargetID = 1785708B1BA0DFAB00467C4E;
					};
				};
			};
			buildConfigurationList = 17734981194433FA00368B63 /* Build configuration list for PBXProject "Swift-Breakout" */;
			compatibilityVersion = "Xcode 3.2";
			developmentRegion = English;
			hasScannedForEncodings = 0;
			knownRegions = (
				en,
				Base,
			);
			mainGroup = 1773497D194433FA00368B63;
			productRefGroup = 17734987194433FB00368B63 /* Products */;
			projectDirPath = "";
			projectRoot = "";
			targets = (
				17734985194433FB00368B63 /* Swift-Breakout */,
				1785708B1BA0DFAB00467C4E /* TVBreakout */,
				178570A11BA0DFAC00467C4E /* TVBreakoutTests */,
			);
		};
/* End PBXProject section */

/* Begin PBXResourcesBuildPhase section */
		17734984194433FB00368B63 /* Resources */ = {
			isa = PBXResourcesBuildPhase;
			buildActionMask = 2147483647;
			files = (
				17956E47196E3EFF009A31EF /* Main.storyboard in Resources */,
				178570C01BA0EA1C00467C4E /* Images.xcassets in Resources */,
			);
			runOnlyForDeploymentPostprocessing = 0;
		};
		1785708A1BA0DFAB00467C4E /* Resources */ = {
			isa = PBXResourcesBuildPhase;
			buildActionMask = 2147483647;
			files = (
				1785709A1BA0DFAC00467C4E /* Main.storyboard in Resources */,
				1785709C1BA0DFAC00467C4E /* Assets.xcassets in Resources */,
			);
			runOnlyForDeploymentPostprocessing = 0;
		};
		178570A01BA0DFAC00467C4E /* Resources */ = {
			isa = PBXResourcesBuildPhase;
			buildActionMask = 2147483647;
			files = (
			);
			runOnlyForDeploymentPostprocessing = 0;
		};
/* End PBXResourcesBuildPhase section */

/* Begin PBXSourcesBuildPhase section */
		17734982194433FB00368B63 /* Sources */ = {
			isa = PBXSourcesBuildPhase;
			buildActionMask = 2147483647;
			files = (
				178570BF1BA0EA1C00467C4E /* GameViewController.swift in Sources */,
				178570BD1BA0EA1C00467C4E /* BlockGrid.swift in Sources */,
				178570BC1BA0EA1C00467C4E /* Ball.swift in Sources */,
				178570C11BA0EA1C00467C4E /* Paddle.swift in Sources */,
				178570BE1BA0EA1C00467C4E /* GameScene.swift in Sources */,
				17956E3D196E3EE0009A31EF /* AppDelegate.swift in Sources */,
			);
			runOnlyForDeploymentPostprocessing = 0;
		};
		178570881BA0DFAB00467C4E /* Sources */ = {
			isa = PBXSourcesBuildPhase;
			buildActionMask = 2147483647;
			files = (
				178570C51BA0EA2800467C4E /* GameViewController.swift in Sources */,
				178570C61BA0EA2B00467C4E /* Paddle.swift in Sources */,
				178570C41BA0EA2600467C4E /* GameScene.swift in Sources */,
				178570C31BA0EA2300467C4E /* BlockGrid.swift in Sources */,
				178570C21BA0EA2000467C4E /* Ball.swift in Sources */,
				178570951BA0DFAC00467C4E /* TVGameViewController.swift in Sources */,
				1785708F1BA0DFAB00467C4E /* AppDelegate.swift in Sources */,
			);
			runOnlyForDeploymentPostprocessing = 0;
		};
		1785709E1BA0DFAC00467C4E /* Sources */ = {
			isa = PBXSourcesBuildPhase;
			buildActionMask = 2147483647;
			files = (
				178570A71BA0DFAC00467C4E /* TVBreakoutTests.swift in Sources */,
			);
			runOnlyForDeploymentPostprocessing = 0;
		};
/* End PBXSourcesBuildPhase section */

/* Begin PBXTargetDependency section */
		178570A41BA0DFAC00467C4E /* PBXTargetDependency */ = {
			isa = PBXTargetDependency;
			target = 1785708B1BA0DFAB00467C4E /* TVBreakout */;
			targetProxy = 178570A31BA0DFAC00467C4E /* PBXContainerItemProxy */;
		};
/* End PBXTargetDependency section */

/* Begin PBXVariantGroup section */
		178570981BA0DFAC00467C4E /* Main.storyboard */ = {
			isa = PBXVariantGroup;
			children = (
				178570991BA0DFAC00467C4E /* Base */,
			);
			name = Main.storyboard;
			sourceTree = "<group>";
		};
		17956E45196E3EFF009A31EF /* Main.storyboard */ = {
			isa = PBXVariantGroup;
			children = (
				17956E46196E3EFF009A31EF /* Base */,
			);
			name = Main.storyboard;
			sourceTree = "<group>";
		};
/* End PBXVariantGroup section */

/* Begin XCBuildConfiguration section */
		177349A4194433FB00368B63 /* Debug */ = {
			isa = XCBuildConfiguration;
			buildSettings = {
				ALWAYS_SEARCH_USER_PATHS = NO;
				CLANG_CXX_LANGUAGE_STANDARD = "gnu++0x";
				CLANG_CXX_LIBRARY = "libc++";
				CLANG_ENABLE_MODULES = YES;
				CLANG_ENABLE_OBJC_ARC = YES;
				CLANG_WARN_BOOL_CONVERSION = YES;
				CLANG_WARN_CONSTANT_CONVERSION = YES;
				CLANG_WARN_DIRECT_OBJC_ISA_USAGE = YES_ERROR;
				CLANG_WARN_EMPTY_BODY = YES;
				CLANG_WARN_ENUM_CONVERSION = YES;
				CLANG_WARN_INT_CONVERSION = YES;
				CLANG_WARN_OBJC_ROOT_CLASS = YES_ERROR;
				CLANG_WARN_UNREACHABLE_CODE = YES;
				CLANG_WARN__DUPLICATE_METHOD_MATCH = YES;
				"CODE_SIGN_IDENTITY[sdk=iphoneos*]" = "iPhone Developer";
				COPY_PHASE_STRIP = NO;
				ENABLE_STRICT_OBJC_MSGSEND = YES;
				ENABLE_TESTABILITY = YES;
				GCC_C_LANGUAGE_STANDARD = gnu99;
				GCC_DYNAMIC_NO_PIC = NO;
				GCC_OPTIMIZATION_LEVEL = 0;
				GCC_PREPROCESSOR_DEFINITIONS = (
					"DEBUG=1",
					"$(inherited)",
				);
				GCC_SYMBOLS_PRIVATE_EXTERN = NO;
				GCC_WARN_64_TO_32_BIT_CONVERSION = YES;
				GCC_WARN_ABOUT_RETURN_TYPE = YES_ERROR;
				GCC_WARN_UNDECLARED_SELECTOR = YES;
				GCC_WARN_UNINITIALIZED_AUTOS = YES_AGGRESSIVE;
				GCC_WARN_UNUSED_FUNCTION = YES;
				GCC_WARN_UNUSED_VARIABLE = YES;
				IPHONEOS_DEPLOYMENT_TARGET = 8.0;
				METAL_ENABLE_DEBUG_INFO = YES;
				ONLY_ACTIVE_ARCH = YES;
				SDKROOT = iphoneos;
				SWIFT_OPTIMIZATION_LEVEL = "-Onone";
			};
			name = Debug;
		};
		177349A5194433FB00368B63 /* Release */ = {
			isa = XCBuildConfiguration;
			buildSettings = {
				ALWAYS_SEARCH_USER_PATHS = NO;
				CLANG_CXX_LANGUAGE_STANDARD = "gnu++0x";
				CLANG_CXX_LIBRARY = "libc++";
				CLANG_ENABLE_MODULES = YES;
				CLANG_ENABLE_OBJC_ARC = YES;
				CLANG_WARN_BOOL_CONVERSION = YES;
				CLANG_WARN_CONSTANT_CONVERSION = YES;
				CLANG_WARN_DIRECT_OBJC_ISA_USAGE = YES_ERROR;
				CLANG_WARN_EMPTY_BODY = YES;
				CLANG_WARN_ENUM_CONVERSION = YES;
				CLANG_WARN_INT_CONVERSION = YES;
				CLANG_WARN_OBJC_ROOT_CLASS = YES_ERROR;
				CLANG_WARN_UNREACHABLE_CODE = YES;
				CLANG_WARN__DUPLICATE_METHOD_MATCH = YES;
				"CODE_SIGN_IDENTITY[sdk=iphoneos*]" = "iPhone Developer";
				COPY_PHASE_STRIP = YES;
				ENABLE_NS_ASSERTIONS = NO;
				ENABLE_STRICT_OBJC_MSGSEND = YES;
				GCC_C_LANGUAGE_STANDARD = gnu99;
				GCC_WARN_64_TO_32_BIT_CONVERSION = YES;
				GCC_WARN_ABOUT_RETURN_TYPE = YES_ERROR;
				GCC_WARN_UNDECLARED_SELECTOR = YES;
				GCC_WARN_UNINITIALIZED_AUTOS = YES_AGGRESSIVE;
				GCC_WARN_UNUSED_FUNCTION = YES;
				GCC_WARN_UNUSED_VARIABLE = YES;
				IPHONEOS_DEPLOYMENT_TARGET = 8.0;
				METAL_ENABLE_DEBUG_INFO = NO;
				SDKROOT = iphoneos;
				VALIDATE_PRODUCT = YES;
			};
			name = Release;
		};
		177349A7194433FB00368B63 /* Debug */ = {
			isa = XCBuildConfiguration;
			buildSettings = {
				ASSETCATALOG_COMPILER_APPICON_NAME = AppIcon;
				ASSETCATALOG_COMPILER_LAUNCHIMAGE_NAME = LaunchImage;
				INFOPLIST_FILE = "$(SRCROOT)/Swift-Breakout/Info.plist";
				IPHONEOS_DEPLOYMENT_TARGET = 8.0;
				LD_RUNPATH_SEARCH_PATHS = "$(inherited) @executable_path/Frameworks";
				PRODUCT_BUNDLE_IDENTIFIER = "com.yayuhh.${PRODUCT_NAME:rfc1034identifier}";
				PRODUCT_NAME = "Swift-Breakout";
			};
			name = Debug;
		};
		177349A8194433FB00368B63 /* Release */ = {
			isa = XCBuildConfiguration;
			buildSettings = {
				ASSETCATALOG_COMPILER_APPICON_NAME = AppIcon;
				ASSETCATALOG_COMPILER_LAUNCHIMAGE_NAME = LaunchImage;
				INFOPLIST_FILE = "$(SRCROOT)/Swift-Breakout/Info.plist";
				IPHONEOS_DEPLOYMENT_TARGET = 8.0;
				LD_RUNPATH_SEARCH_PATHS = "$(inherited) @executable_path/Frameworks";
				PRODUCT_BUNDLE_IDENTIFIER = "com.yayuhh.${PRODUCT_NAME:rfc1034identifier}";
				PRODUCT_NAME = "Swift-Breakout";
			};
			name = Release;
		};
		178570A91BA0DFAC00467C4E /* Debug */ = {
			isa = XCBuildConfiguration;
			buildSettings = {
				ASSETCATALOG_COMPILER_APPICON_NAME = "App Icon & Top Shelf Image";
				ASSETCATALOG_COMPILER_LAUNCHIMAGE_NAME = LaunchImage;
				DEBUG_INFORMATION_FORMAT = "dwarf-with-dsym";
				GCC_NO_COMMON_BLOCKS = YES;
				INFOPLIST_FILE = TVBreakout/Info.plist;
				LD_RUNPATH_SEARCH_PATHS = "$(inherited) @executable_path/Frameworks";
				MTL_ENABLE_DEBUG_INFO = YES;
				PRODUCT_BUNDLE_IDENTIFIER = com.angelodipaolo.TVBreakout;
				PRODUCT_NAME = "$(TARGET_NAME)";
				SDKROOT = appletvos;
				TARGETED_DEVICE_FAMILY = 3;
				TVOS_DEPLOYMENT_TARGET = 9.0;
			};
			name = Debug;
		};
		178570AA1BA0DFAC00467C4E /* Release */ = {
			isa = XCBuildConfiguration;
			buildSettings = {
				ASSETCATALOG_COMPILER_APPICON_NAME = "App Icon & Top Shelf Image";
				ASSETCATALOG_COMPILER_LAUNCHIMAGE_NAME = LaunchImage;
				COPY_PHASE_STRIP = NO;
				DEBUG_INFORMATION_FORMAT = "dwarf-with-dsym";
				GCC_NO_COMMON_BLOCKS = YES;
				INFOPLIST_FILE = TVBreakout/Info.plist;
				LD_RUNPATH_SEARCH_PATHS = "$(inherited) @executable_path/Frameworks";
				MTL_ENABLE_DEBUG_INFO = NO;
				PRODUCT_BUNDLE_IDENTIFIER = com.angelodipaolo.TVBreakout;
				PRODUCT_NAME = "$(TARGET_NAME)";
				SDKROOT = appletvos;
				TARGETED_DEVICE_FAMILY = 3;
				TVOS_DEPLOYMENT_TARGET = 9.0;
			};
			name = Release;
		};
		178570AB1BA0DFAC00467C4E /* Debug */ = {
			isa = XCBuildConfiguration;
			buildSettings = {
				BUNDLE_LOADER = "$(TEST_HOST)";
				DEBUG_INFORMATION_FORMAT = dwarf;
				GCC_NO_COMMON_BLOCKS = YES;
				INFOPLIST_FILE = TVBreakoutTests/Info.plist;
				LD_RUNPATH_SEARCH_PATHS = "$(inherited) @executable_path/Frameworks @loader_path/Frameworks";
				MTL_ENABLE_DEBUG_INFO = YES;
				PRODUCT_BUNDLE_IDENTIFIER = com.angelodipaolo.TVBreakoutTests;
				PRODUCT_NAME = "$(TARGET_NAME)";
				SDKROOT = appletvos;
				TEST_HOST = "$(BUILT_PRODUCTS_DIR)/TVBreakout.app/TVBreakout";
				TVOS_DEPLOYMENT_TARGET = 9.0;
			};
			name = Debug;
		};
		178570AC1BA0DFAC00467C4E /* Release */ = {
			isa = XCBuildConfiguration;
			buildSettings = {
				BUNDLE_LOADER = "$(TEST_HOST)";
				COPY_PHASE_STRIP = NO;
				DEBUG_INFORMATION_FORMAT = "dwarf-with-dsym";
				GCC_NO_COMMON_BLOCKS = YES;
				INFOPLIST_FILE = TVBreakoutTests/Info.plist;
				LD_RUNPATH_SEARCH_PATHS = "$(inherited) @executable_path/Frameworks @loader_path/Frameworks";
				MTL_ENABLE_DEBUG_INFO = NO;
				PRODUCT_BUNDLE_IDENTIFIER = com.angelodipaolo.TVBreakoutTests;
				PRODUCT_NAME = "$(TARGET_NAME)";
				SDKROOT = appletvos;
				TEST_HOST = "$(BUILT_PRODUCTS_DIR)/TVBreakout.app/TVBreakout";
				TVOS_DEPLOYMENT_TARGET = 9.0;
			};
			name = Release;
		};
/* End XCBuildConfiguration section */

/* Begin XCConfigurationList section */
		17734981194433FA00368B63 /* Build configuration list for PBXProject "Swift-Breakout" */ = {
			isa = XCConfigurationList;
			buildConfigurations = (
				177349A4194433FB00368B63 /* Debug */,
				177349A5194433FB00368B63 /* Release */,
			);
			defaultConfigurationIsVisible = 0;
			defaultConfigurationName = Release;
		};
		177349A6194433FB00368B63 /* Build configuration list for PBXNativeTarget "Swift-Breakout" */ = {
			isa = XCConfigurationList;
			buildConfigurations = (
				177349A7194433FB00368B63 /* Debug */,
				177349A8194433FB00368B63 /* Release */,
			);
			defaultConfigurationIsVisible = 0;
			defaultConfigurationName = Release;
		};
		178570AD1BA0DFAC00467C4E /* Build configuration list for PBXNativeTarget "TVBreakout" */ = {
			isa = XCConfigurationList;
			buildConfigurations = (
				178570A91BA0DFAC00467C4E /* Debug */,
				178570AA1BA0DFAC00467C4E /* Release */,
			);
			defaultConfigurationIsVisible = 0;
		};
		178570AE1BA0DFAC00467C4E /* Build configuration list for PBXNativeTarget "TVBreakoutTests" */ = {
			isa = XCConfigurationList;
			buildConfigurations = (
				178570AB1BA0DFAC00467C4E /* Debug */,
				178570AC1BA0DFAC00467C4E /* Release */,
			);
			defaultConfigurationIsVisible = 0;
		};
/* End XCConfigurationList section */
	};
	rootObject = 1773497E194433FA00368B63 /* Project object */;
}
